// !$*UTF8*$!
{
	archiveVersion = 1;
	classes = {
	};
	objectVersion = 46;
	objects = {

/* Begin PBXBuildFile section */
		242992451BF08907003D96F8 /* main.m in Sources */ = {isa = PBXBuildFile; fileRef = 242992441BF08907003D96F8 /* main.m */; };
		242992481BF08907003D96F8 /* AppDelegate.m in Sources */ = {isa = PBXBuildFile; fileRef = 242992471BF08907003D96F8 /* AppDelegate.m */; };
		242992531BF08907003D96F8 /* Assets.xcassets in Resources */ = {isa = PBXBuildFile; fileRef = 242992521BF08907003D96F8 /* Assets.xcassets */; };
		242992561BF08907003D96F8 /* LaunchScreen.storyboard in Resources */ = {isa = PBXBuildFile; fileRef = 242992541BF08907003D96F8 /* LaunchScreen.storyboard */; };
		242992611BF08907003D96F8 /* QingTests.m in Sources */ = {isa = PBXBuildFile; fileRef = 242992601BF08907003D96F8 /* QingTests.m */; };
		2429926C1BF08907003D96F8 /* QingUITests.m in Sources */ = {isa = PBXBuildFile; fileRef = 2429926B1BF08907003D96F8 /* QingUITests.m */; };
		2429927D1BF08FDA003D96F8 /* RootTableViewController.m in Sources */ = {isa = PBXBuildFile; fileRef = 2429927C1BF08FDA003D96F8 /* RootTableViewController.m */; settings = {ASSET_TAGS = (); }; };
		242992801BF08FE9003D96F8 /* RootViewController.m in Sources */ = {isa = PBXBuildFile; fileRef = 2429927F1BF08FE9003D96F8 /* RootViewController.m */; settings = {ASSET_TAGS = (); }; };
		247646001BF096C90092CECE /* QingTabbarController.m in Sources */ = {isa = PBXBuildFile; fileRef = 247645FF1BF096C90092CECE /* QingTabbarController.m */; settings = {ASSET_TAGS = (); }; };
		247646031BF09E440092CECE /* RootNavigationController.m in Sources */ = {isa = PBXBuildFile; fileRef = 247646021BF09E440092CECE /* RootNavigationController.m */; settings = {ASSET_TAGS = (); }; };
		247646061BF09E710092CECE /* QingNavigationController.m in Sources */ = {isa = PBXBuildFile; fileRef = 247646051BF09E710092CECE /* QingNavigationController.m */; settings = {ASSET_TAGS = (); }; };
		247646081BF0A5B30092CECE /* QingIcon512.png in Resources */ = {isa = PBXBuildFile; fileRef = 247646071BF0A5B30092CECE /* QingIcon512.png */; settings = {ASSET_TAGS = (); }; };
		AFD6DDEEC7CA403844DB5620 /* libPods.a in Frameworks */ = {isa = PBXBuildFile; fileRef = 103584DA1413764F2B7360D7 /* libPods.a */; };
/* End PBXBuildFile section */

/* Begin PBXContainerItemProxy section */
		2429925D1BF08907003D96F8 /* PBXContainerItemProxy */ = {
			isa = PBXContainerItemProxy;
			containerPortal = 242992381BF08906003D96F8 /* Project object */;
			proxyType = 1;
			remoteGlobalIDString = 2429923F1BF08906003D96F8;
			remoteInfo = Qing;
		};
		242992681BF08907003D96F8 /* PBXContainerItemProxy */ = {
			isa = PBXContainerItemProxy;
			containerPortal = 242992381BF08906003D96F8 /* Project object */;
			proxyType = 1;
			remoteGlobalIDString = 2429923F1BF08906003D96F8;
			remoteInfo = Qing;
		};
/* End PBXContainerItemProxy section */

/* Begin PBXFileReference section */
		103584DA1413764F2B7360D7 /* libPods.a */ = {isa = PBXFileReference; explicitFileType = archive.ar; includeInIndex = 0; path = libPods.a; sourceTree = BUILT_PRODUCTS_DIR; };
		242992401BF08907003D96F8 /* Qing.app */ = {isa = PBXFileReference; explicitFileType = wrapper.application; includeInIndex = 0; path = Qing.app; sourceTree = BUILT_PRODUCTS_DIR; };
		242992441BF08907003D96F8 /* main.m */ = {isa = PBXFileReference; lastKnownFileType = sourcecode.c.objc; path = main.m; sourceTree = "<group>"; };
		242992461BF08907003D96F8 /* AppDelegate.h */ = {isa = PBXFileReference; lastKnownFileType = sourcecode.c.h; path = AppDelegate.h; sourceTree = "<group>"; };
		242992471BF08907003D96F8 /* AppDelegate.m */ = {isa = PBXFileReference; lastKnownFileType = sourcecode.c.objc; path = AppDelegate.m; sourceTree = "<group>"; };
		242992521BF08907003D96F8 /* Assets.xcassets */ = {isa = PBXFileReference; lastKnownFileType = folder.assetcatalog; path = Assets.xcassets; sourceTree = "<group>"; };
		242992551BF08907003D96F8 /* Base */ = {isa = PBXFileReference; lastKnownFileType = file.storyboard; name = Base; path = Base.lproj/LaunchScreen.storyboard; sourceTree = "<group>"; };
		242992571BF08907003D96F8 /* Info.plist */ = {isa = PBXFileReference; lastKnownFileType = text.plist.xml; path = Info.plist; sourceTree = "<group>"; };
		2429925C1BF08907003D96F8 /* QingTests.xctest */ = {isa = PBXFileReference; explicitFileType = wrapper.cfbundle; includeInIndex = 0; path = QingTests.xctest; sourceTree = BUILT_PRODUCTS_DIR; };
		242992601BF08907003D96F8 /* QingTests.m */ = {isa = PBXFileReference; lastKnownFileType = sourcecode.c.objc; path = QingTests.m; sourceTree = "<group>"; };
		242992621BF08907003D96F8 /* Info.plist */ = {isa = PBXFileReference; lastKnownFileType = text.plist.xml; path = Info.plist; sourceTree = "<group>"; };
		242992671BF08907003D96F8 /* QingUITests.xctest */ = {isa = PBXFileReference; explicitFileType = wrapper.cfbundle; includeInIndex = 0; path = QingUITests.xctest; sourceTree = BUILT_PRODUCTS_DIR; };
		2429926B1BF08907003D96F8 /* QingUITests.m */ = {isa = PBXFileReference; lastKnownFileType = sourcecode.c.objc; path = QingUITests.m; sourceTree = "<group>"; };
		2429926D1BF08907003D96F8 /* Info.plist */ = {isa = PBXFileReference; lastKnownFileType = text.plist.xml; path = Info.plist; sourceTree = "<group>"; };
		2429927B1BF08FDA003D96F8 /* RootTableViewController.h */ = {isa = PBXFileReference; fileEncoding = 4; lastKnownFileType = sourcecode.c.h; path = RootTableViewController.h; sourceTree = "<group>"; };
		2429927C1BF08FDA003D96F8 /* RootTableViewController.m */ = {isa = PBXFileReference; fileEncoding = 4; lastKnownFileType = sourcecode.c.objc; path = RootTableViewController.m; sourceTree = "<group>"; };
		2429927E1BF08FE9003D96F8 /* RootViewController.h */ = {isa = PBXFileReference; fileEncoding = 4; lastKnownFileType = sourcecode.c.h; path = RootViewController.h; sourceTree = "<group>"; };
		2429927F1BF08FE9003D96F8 /* RootViewController.m */ = {isa = PBXFileReference; fileEncoding = 4; lastKnownFileType = sourcecode.c.objc; path = RootViewController.m; sourceTree = "<group>"; };
		247645FE1BF096C90092CECE /* QingTabbarController.h */ = {isa = PBXFileReference; fileEncoding = 4; lastKnownFileType = sourcecode.c.h; path = QingTabbarController.h; sourceTree = "<group>"; };
		247645FF1BF096C90092CECE /* QingTabbarController.m */ = {isa = PBXFileReference; fileEncoding = 4; lastKnownFileType = sourcecode.c.objc; path = QingTabbarController.m; sourceTree = "<group>"; };
		247646011BF09E440092CECE /* RootNavigationController.h */ = {isa = PBXFileReference; fileEncoding = 4; lastKnownFileType = sourcecode.c.h; path = RootNavigationController.h; sourceTree = "<group>"; };
		247646021BF09E440092CECE /* RootNavigationController.m */ = {isa = PBXFileReference; fileEncoding = 4; lastKnownFileType = sourcecode.c.objc; path = RootNavigationController.m; sourceTree = "<group>"; };
		247646041BF09E710092CECE /* QingNavigationController.h */ = {isa = PBXFileReference; fileEncoding = 4; lastKnownFileType = sourcecode.c.h; path = QingNavigationController.h; sourceTree = "<group>"; };
		247646051BF09E710092CECE /* QingNavigationController.m */ = {isa = PBXFileReference; fileEncoding = 4; lastKnownFileType = sourcecode.c.objc; path = QingNavigationController.m; sourceTree = "<group>"; };
		247646071BF0A5B30092CECE /* QingIcon512.png */ = {isa = PBXFileReference; lastKnownFileType = image.png; path = QingIcon512.png; sourceTree = "<group>"; };
		39C4B604C8D5D5C2F0E9E8AC /* Pods.debug.xcconfig */ = {isa = PBXFileReference; includeInIndex = 1; lastKnownFileType = text.xcconfig; name = Pods.debug.xcconfig; path = "Pods/Target Support Files/Pods/Pods.debug.xcconfig"; sourceTree = "<group>"; };
		43C2B6BF19590D74A8192D13 /* Pods.release.xcconfig */ = {isa = PBXFileReference; includeInIndex = 1; lastKnownFileType = text.xcconfig; name = Pods.release.xcconfig; path = "Pods/Target Support Files/Pods/Pods.release.xcconfig"; sourceTree = "<group>"; };
/* End PBXFileReference section */

/* Begin PBXFrameworksBuildPhase section */
		2429923D1BF08906003D96F8 /* Frameworks */ = {
			isa = PBXFrameworksBuildPhase;
			buildActionMask = 2147483647;
			files = (
				AFD6DDEEC7CA403844DB5620 /* libPods.a in Frameworks */,
			);
			runOnlyForDeploymentPostprocessing = 0;
		};
		242992591BF08907003D96F8 /* Frameworks */ = {
			isa = PBXFrameworksBuildPhase;
			buildActionMask = 2147483647;
			files = (
			);
			runOnlyForDeploymentPostprocessing = 0;
		};
		242992641BF08907003D96F8 /* Frameworks */ = {
			isa = PBXFrameworksBuildPhase;
			buildActionMask = 2147483647;
			files = (
			);
			runOnlyForDeploymentPostprocessing = 0;
		};
/* End PBXFrameworksBuildPhase section */

/* Begin PBXGroup section */
		242992371BF08906003D96F8 = {
			isa = PBXGroup;
			children = (
				242992421BF08907003D96F8 /* Qing */,
				2429925F1BF08907003D96F8 /* QingTests */,
				2429926A1BF08907003D96F8 /* QingUITests */,
				242992411BF08907003D96F8 /* Products */,
				DB12C5ED4B300C6B24C5CD99 /* Pods */,
				7DE64219782D8EF73239F2D2 /* Frameworks */,
			);
			sourceTree = "<group>";
		};
		242992411BF08907003D96F8 /* Products */ = {
			isa = PBXGroup;
			children = (
				242992401BF08907003D96F8 /* Qing.app */,
				2429925C1BF08907003D96F8 /* QingTests.xctest */,
				242992671BF08907003D96F8 /* QingUITests.xctest */,
			);
			name = Products;
			sourceTree = "<group>";
		};
		242992421BF08907003D96F8 /* Qing */ = {
			isa = PBXGroup;
			children = (
				247646071BF0A5B30092CECE /* QingIcon512.png */,
				242992461BF08907003D96F8 /* AppDelegate.h */,
				242992471BF08907003D96F8 /* AppDelegate.m */,
				247645FD1BF096980092CECE /* TabbarController */,
				2429927A1BF08FA8003D96F8 /* RootClass */,
				242992791BF08F8F003D96F8 /* Home */,
				242992521BF08907003D96F8 /* Assets.xcassets */,
				242992541BF08907003D96F8 /* LaunchScreen.storyboard */,
				242992571BF08907003D96F8 /* Info.plist */,
				242992431BF08907003D96F8 /* Supporting Files */,
			);
			path = Qing;
			sourceTree = "<group>";
		};
		242992431BF08907003D96F8 /* Supporting Files */ = {
			isa = PBXGroup;
			children = (
				242992441BF08907003D96F8 /* main.m */,
			);
			name = "Supporting Files";
			sourceTree = "<group>";
		};
		2429925F1BF08907003D96F8 /* QingTests */ = {
			isa = PBXGroup;
			children = (
				242992601BF08907003D96F8 /* QingTests.m */,
				242992621BF08907003D96F8 /* Info.plist */,
			);
			path = QingTests;
			sourceTree = "<group>";
		};
		2429926A1BF08907003D96F8 /* QingUITests */ = {
			isa = PBXGroup;
			children = (
				2429926B1BF08907003D96F8 /* QingUITests.m */,
				2429926D1BF08907003D96F8 /* Info.plist */,
			);
			path = QingUITests;
			sourceTree = "<group>";
		};
		242992791BF08F8F003D96F8 /* Home */ = {
			isa = PBXGroup;
			children = (
			);
			path = Home;
			sourceTree = "<group>";
		};
		2429927A1BF08FA8003D96F8 /* RootClass */ = {
			isa = PBXGroup;
			children = (
				2429927E1BF08FE9003D96F8 /* RootViewController.h */,
				2429927F1BF08FE9003D96F8 /* RootViewController.m */,
				247646011BF09E440092CECE /* RootNavigationController.h */,
				247646021BF09E440092CECE /* RootNavigationController.m */,
				2429927B1BF08FDA003D96F8 /* RootTableViewController.h */,
				2429927C1BF08FDA003D96F8 /* RootTableViewController.m */,
			);
			path = RootClass;
			sourceTree = "<group>";
		};
		247645FD1BF096980092CECE /* TabbarController */ = {
			isa = PBXGroup;
			children = (
				247645FE1BF096C90092CECE /* QingTabbarController.h */,
				247645FF1BF096C90092CECE /* QingTabbarController.m */,
				247646041BF09E710092CECE /* QingNavigationController.h */,
				247646051BF09E710092CECE /* QingNavigationController.m */,
			);
			path = TabbarController;
			sourceTree = "<group>";
		};
		7DE64219782D8EF73239F2D2 /* Frameworks */ = {
			isa = PBXGroup;
			children = (
				103584DA1413764F2B7360D7 /* libPods.a */,
			);
			name = Frameworks;
			sourceTree = "<group>";
		};
		DB12C5ED4B300C6B24C5CD99 /* Pods */ = {
			isa = PBXGroup;
			children = (
				39C4B604C8D5D5C2F0E9E8AC /* Pods.debug.xcconfig */,
				43C2B6BF19590D74A8192D13 /* Pods.release.xcconfig */,
			);
			name = Pods;
			sourceTree = "<group>";
		};
/* End PBXGroup section */

/* Begin PBXNativeTarget section */
		2429923F1BF08906003D96F8 /* Qing */ = {
			isa = PBXNativeTarget;
			buildConfigurationList = 242992701BF08907003D96F8 /* Build configuration list for PBXNativeTarget "Qing" */;
			buildPhases = (
				C77472D66D8ECFB1CB07CE64 /* Check Pods Manifest.lock */,
				2429923C1BF08906003D96F8 /* Sources */,
				2429923D1BF08906003D96F8 /* Frameworks */,
				2429923E1BF08906003D96F8 /* Resources */,
				809CA825F565420B0D74F6AA /* Copy Pods Resources */,
			);
			buildRules = (
			);
			dependencies = (
			);
			name = Qing;
			productName = Qing;
			productReference = 242992401BF08907003D96F8 /* Qing.app */;
			productType = "com.apple.product-type.application";
		};
		2429925B1BF08907003D96F8 /* QingTests */ = {
			isa = PBXNativeTarget;
			buildConfigurationList = 242992731BF08907003D96F8 /* Build configuration list for PBXNativeTarget "QingTests" */;
			buildPhases = (
				242992581BF08907003D96F8 /* Sources */,
				242992591BF08907003D96F8 /* Frameworks */,
				2429925A1BF08907003D96F8 /* Resources */,
			);
			buildRules = (
			);
			dependencies = (
				2429925E1BF08907003D96F8 /* PBXTargetDependency */,
			);
			name = QingTests;
			productName = QingTests;
			productReference = 2429925C1BF08907003D96F8 /* QingTests.xctest */;
			productType = "com.apple.product-type.bundle.unit-test";
		};
		242992661BF08907003D96F8 /* QingUITests */ = {
			isa = PBXNativeTarget;
			buildConfigurationList = 242992761BF08907003D96F8 /* Build configuration list for PBXNativeTarget "QingUITests" */;
			buildPhases = (
				242992631BF08907003D96F8 /* Sources */,
				242992641BF08907003D96F8 /* Frameworks */,
				242992651BF08907003D96F8 /* Resources */,
			);
			buildRules = (
			);
			dependencies = (
				242992691BF08907003D96F8 /* PBXTargetDependency */,
			);
			name = QingUITests;
			productName = QingUITests;
			productReference = 242992671BF08907003D96F8 /* QingUITests.xctest */;
			productType = "com.apple.product-type.bundle.ui-testing";
		};
/* End PBXNativeTarget section */

/* Begin PBXProject section */
		242992381BF08906003D96F8 /* Project object */ = {
			isa = PBXProject;
			attributes = {
				LastUpgradeCheck = 0700;
				ORGANIZATIONNAME = maka;
				TargetAttributes = {
					2429923F1BF08906003D96F8 = {
						CreatedOnToolsVersion = 7.0.1;
					};
					2429925B1BF08907003D96F8 = {
						CreatedOnToolsVersion = 7.0.1;
						TestTargetID = 2429923F1BF08906003D96F8;
					};
					242992661BF08907003D96F8 = {
						CreatedOnToolsVersion = 7.0.1;
						TestTargetID = 2429923F1BF08906003D96F8;
					};
				};
			};
			buildConfigurationList = 2429923B1BF08906003D96F8 /* Build configuration list for PBXProject "Qing" */;
			compatibilityVersion = "Xcode 3.2";
			developmentRegion = English;
			hasScannedForEncodings = 0;
			knownRegions = (
				en,
				Base,
			);
			mainGroup = 242992371BF08906003D96F8;
			productRefGroup = 242992411BF08907003D96F8 /* Products */;
			projectDirPath = "";
			projectRoot = "";
			targets = (
				2429923F1BF08906003D96F8 /* Qing */,
				2429925B1BF08907003D96F8 /* QingTests */,
				242992661BF08907003D96F8 /* QingUITests */,
			);
		};
/* End PBXProject section */

/* Begin PBXResourcesBuildPhase section */
		2429923E1BF08906003D96F8 /* Resources */ = {
			isa = PBXResourcesBuildPhase;
			buildActionMask = 2147483647;
			files = (
				242992561BF08907003D96F8 /* LaunchScreen.storyboard in Resources */,
				247646081BF0A5B30092CECE /* QingIcon512.png in Resources */,
				242992531BF08907003D96F8 /* Assets.xcassets in Resources */,
			);
			runOnlyForDeploymentPostprocessing = 0;
		};
		2429925A1BF08907003D96F8 /* Resources */ = {
			isa = PBXResourcesBuildPhase;
			buildActionMask = 2147483647;
			files = (
			);
			runOnlyForDeploymentPostprocessing = 0;
		};
		242992651BF08907003D96F8 /* Resources */ = {
			isa = PBXResourcesBuildPhase;
			buildActionMask = 2147483647;
			files = (
			);
			runOnlyForDeploymentPostprocessing = 0;
		};
/* End PBXResourcesBuildPhase section */

/* Begin PBXShellScriptBuildPhase section */
		809CA825F565420B0D74F6AA /* Copy Pods Resources */ = {
			isa = PBXShellScriptBuildPhase;
			buildActionMask = 2147483647;
			files = (
			);
			inputPaths = (
			);
			name = "Copy Pods Resources";
			outputPaths = (
			);
			runOnlyForDeploymentPostprocessing = 0;
			shellPath = /bin/sh;
			shellScript = "\"${SRCROOT}/Pods/Target Support Files/Pods/Pods-resources.sh\"\n";
			showEnvVarsInLog = 0;
		};
		C77472D66D8ECFB1CB07CE64 /* Check Pods Manifest.lock */ = {
			isa = PBXShellScriptBuildPhase;
			buildActionMask = 2147483647;
			files = (
			);
			inputPaths = (
			);
			name = "Check Pods Manifest.lock";
			outputPaths = (
			);
			runOnlyForDeploymentPostprocessing = 0;
			shellPath = /bin/sh;
			shellScript = "diff \"${PODS_ROOT}/../Podfile.lock\" \"${PODS_ROOT}/Manifest.lock\" > /dev/null\nif [[ $? != 0 ]] ; then\n    cat << EOM\nerror: The sandbox is not in sync with the Podfile.lock. Run 'pod install' or update your CocoaPods installation.\nEOM\n    exit 1\nfi\n";
			showEnvVarsInLog = 0;
		};
/* End PBXShellScriptBuildPhase section */

/* Begin PBXSourcesBuildPhase section */
		2429923C1BF08906003D96F8 /* Sources */ = {
			isa = PBXSourcesBuildPhase;
			buildActionMask = 2147483647;
			files = (
				247646001BF096C90092CECE /* QingTabbarController.m in Sources */,
				247646061BF09E710092CECE /* QingNavigationController.m in Sources */,
				247646031BF09E440092CECE /* RootNavigationController.m in Sources */,
				2429927D1BF08FDA003D96F8 /* RootTableViewController.m in Sources */,
				242992481BF08907003D96F8 /* AppDelegate.m in Sources */,
				242992801BF08FE9003D96F8 /* RootViewController.m in Sources */,
				242992451BF08907003D96F8 /* main.m in Sources */,
			);
			runOnlyForDeploymentPostprocessing = 0;
		};
		242992581BF08907003D96F8 /* Sources */ = {
			isa = PBXSourcesBuildPhase;
			buildActionMask = 2147483647;
			files = (
				242992611BF08907003D96F8 /* QingTests.m in Sources */,
			);
			runOnlyForDeploymentPostprocessing = 0;
		};
		242992631BF08907003D96F8 /* Sources */ = {
			isa = PBXSourcesBuildPhase;
			buildActionMask = 2147483647;
			files = (
				2429926C1BF08907003D96F8 /* QingUITests.m in Sources */,
			);
			runOnlyForDeploymentPostprocessing = 0;
		};
/* End PBXSourcesBuildPhase section */

/* Begin PBXTargetDependency section */
		2429925E1BF08907003D96F8 /* PBXTargetDependency */ = {
			isa = PBXTargetDependency;
			target = 2429923F1BF08906003D96F8 /* Qing */;
			targetProxy = 2429925D1BF08907003D96F8 /* PBXContainerItemProxy */;
		};
		242992691BF08907003D96F8 /* PBXTargetDependency */ = {
			isa = PBXTargetDependency;
			target = 2429923F1BF08906003D96F8 /* Qing */;
			targetProxy = 242992681BF08907003D96F8 /* PBXContainerItemProxy */;
		};
/* End PBXTargetDependency section */

/* Begin PBXVariantGroup section */
		242992541BF08907003D96F8 /* LaunchScreen.storyboard */ = {
			isa = PBXVariantGroup;
			children = (
				242992551BF08907003D96F8 /* Base */,
			);
			name = LaunchScreen.storyboard;
			sourceTree = "<group>";
		};
/* End PBXVariantGroup section */

/* Begin XCBuildConfiguration section */
		2429926E1BF08907003D96F8 /* Debug */ = {
			isa = XCBuildConfiguration;
			buildSettings = {
				ALWAYS_SEARCH_USER_PATHS = NO;
				CLANG_CXX_LANGUAGE_STANDARD = "gnu++0x";
				CLANG_CXX_LIBRARY = "libc++";
				CLANG_ENABLE_MODULES = YES;
				CLANG_ENABLE_OBJC_ARC = YES;
				CLANG_WARN_BOOL_CONVERSION = YES;
				CLANG_WARN_CONSTANT_CONVERSION = YES;
				CLANG_WARN_DIRECT_OBJC_ISA_USAGE = YES_ERROR;
				CLANG_WARN_EMPTY_BODY = YES;
				CLANG_WARN_ENUM_CONVERSION = YES;
				CLANG_WARN_INT_CONVERSION = YES;
				CLANG_WARN_OBJC_ROOT_CLASS = YES_ERROR;
				CLANG_WARN_UNREACHABLE_CODE = YES;
				CLANG_WARN__DUPLICATE_METHOD_MATCH = YES;
				"CODE_SIGN_IDENTITY[sdk=iphoneos*]" = "iPhone Developer";
				COPY_PHASE_STRIP = NO;
				DEBUG_INFORMATION_FORMAT = dwarf;
				ENABLE_STRICT_OBJC_MSGSEND = YES;
				ENABLE_TESTABILITY = YES;
				GCC_C_LANGUAGE_STANDARD = gnu99;
				GCC_DYNAMIC_NO_PIC = NO;
				GCC_NO_COMMON_BLOCKS = YES;
				GCC_OPTIMIZATION_LEVEL = 0;
				GCC_PREPROCESSOR_DEFINITIONS = (
					"DEBUG=1",
					"$(inherited)",
				);
				GCC_WARN_64_TO_32_BIT_CONVERSION = YES;
				GCC_WARN_ABOUT_RETURN_TYPE = YES_ERROR;
				GCC_WARN_UNDECLARED_SELECTOR = YES;
				GCC_WARN_UNINITIALIZED_AUTOS = YES_AGGRESSIVE;
				GCC_WARN_UNUSED_FUNCTION = YES;
				GCC_WARN_UNUSED_VARIABLE = YES;
				IPHONEOS_DEPLOYMENT_TARGET = 9.0;
				MTL_ENABLE_DEBUG_INFO = YES;
				ONLY_ACTIVE_ARCH = YES;
				SDKROOT = iphoneos;
				TARGETED_DEVICE_FAMILY = "1,2";
			};
			name = Debug;
		};
		2429926F1BF08907003D96F8 /* Release */ = {
			isa = XCBuildConfiguration;
			buildSettings = {
				ALWAYS_SEARCH_USER_PATHS = NO;
				CLANG_CXX_LANGUAGE_STANDARD = "gnu++0x";
				CLANG_CXX_LIBRARY = "libc++";
				CLANG_ENABLE_MODULES = YES;
				CLANG_ENABLE_OBJC_ARC = YES;
				CLANG_WARN_BOOL_CONVERSION = YES;
				CLANG_WARN_CONSTANT_CONVERSION = YES;
				CLANG_WARN_DIRECT_OBJC_ISA_USAGE = YES_ERROR;
				CLANG_WARN_EMPTY_BODY = YES;
				CLANG_WARN_ENUM_CONVERSION = YES;
				CLANG_WARN_INT_CONVERSION = YES;
				CLANG_WARN_OBJC_ROOT_CLASS = YES_ERROR;
				CLANG_WARN_UNREACHABLE_CODE = YES;
				CLANG_WARN__DUPLICATE_METHOD_MATCH = YES;
				"CODE_SIGN_IDENTITY[sdk=iphoneos*]" = "iPhone Developer";
				COPY_PHASE_STRIP = NO;
				DEBUG_INFORMATION_FORMAT = "dwarf-with-dsym";
				ENABLE_NS_ASSERTIONS = NO;
				ENABLE_STRICT_OBJC_MSGSEND = YES;
				GCC_C_LANGUAGE_STANDARD = gnu99;
				GCC_NO_COMMON_BLOCKS = YES;
				GCC_WARN_64_TO_32_BIT_CONVERSION = YES;
				GCC_WARN_ABOUT_RETURN_TYPE = YES_ERROR;
				GCC_WARN_UNDECLARED_SELECTOR = YES;
				GCC_WARN_UNINITIALIZED_AUTOS = YES_AGGRESSIVE;
				GCC_WARN_UNUSED_FUNCTION = YES;
				GCC_WARN_UNUSED_VARIABLE = YES;
				IPHONEOS_DEPLOYMENT_TARGET = 9.0;
				MTL_ENABLE_DEBUG_INFO = NO;
				SDKROOT = iphoneos;
				TARGETED_DEVICE_FAMILY = "1,2";
				VALIDATE_PRODUCT = YES;
			};
			name = Release;
		};
		242992711BF08907003D96F8 /* Debug */ = {
			isa = XCBuildConfiguration;
			baseConfigurationReference = 39C4B604C8D5D5C2F0E9E8AC /* Pods.debug.xcconfig */;
			buildSettings = {
				ASSETCATALOG_COMPILER_APPICON_NAME = AppIcon;
				INFOPLIST_FILE = Qing/Info.plist;
				LD_RUNPATH_SEARCH_PATHS = "$(inherited) @executable_path/Frameworks";
				PRODUCT_BUNDLE_IDENTIFIER = maka.Qing;
				PRODUCT_NAME = "$(TARGET_NAME)";
			};
			name = Debug;
		};
		242992721BF08907003D96F8 /* Release */ = {
			isa = XCBuildConfiguration;
			baseConfigurationReference = 43C2B6BF19590D74A8192D13 /* Pods.release.xcconfig */;
			buildSettings = {
				ASSETCATALOG_COMPILER_APPICON_NAME = AppIcon;
				INFOPLIST_FILE = Qing/Info.plist;
				LD_RUNPATH_SEARCH_PATHS = "$(inherited) @executable_path/Frameworks";
				PRODUCT_BUNDLE_IDENTIFIER = maka.Qing;
				PRODUCT_NAME = "$(TARGET_NAME)";
			};
			name = Release;
		};
		242992741BF08907003D96F8 /* Debug */ = {
			isa = XCBuildConfiguration;
			buildSettings = {
				BUNDLE_LOADER = "$(TEST_HOST)";
				INFOPLIST_FILE = QingTests/Info.plist;
				LD_RUNPATH_SEARCH_PATHS = "$(inherited) @executable_path/Frameworks @loader_path/Frameworks";
				PRODUCT_BUNDLE_IDENTIFIER = maka.QingTests;
				PRODUCT_NAME = "$(TARGET_NAME)";
				TEST_HOST = "$(BUILT_PRODUCTS_DIR)/Qing.app/Qing";
			};
			name = Debug;
		};
		242992751BF08907003D96F8 /* Release */ = {
			isa = XCBuildConfiguration;
			buildSettings = {
				BUNDLE_LOADER = "$(TEST_HOST)";
				INFOPLIST_FILE = QingTests/Info.plist;
				LD_RUNPATH_SEARCH_PATHS = "$(inherited) @executable_path/Frameworks @loader_path/Frameworks";
				PRODUCT_BUNDLE_IDENTIFIER = maka.QingTests;
				PRODUCT_NAME = "$(TARGET_NAME)";
				TEST_HOST = "$(BUILT_PRODUCTS_DIR)/Qing.app/Qing";
			};
			name = Release;
		};
		242992771BF08907003D96F8 /* Debug */ = {
			isa = XCBuildConfiguration;
			buildSettings = {
				INFOPLIST_FILE = QingUITests/Info.plist;
				LD_RUNPATH_SEARCH_PATHS = "$(inherited) @executable_path/Frameworks @loader_path/Frameworks";
				PRODUCT_BUNDLE_IDENTIFIER = maka.QingUITests;
				PRODUCT_NAME = "$(TARGET_NAME)";
				TEST_TARGET_NAME = Qing;
				USES_XCTRUNNER = YES;
			};
			name = Debug;
		};
		242992781BF08907003D96F8 /* Release */ = {
			isa = XCBuildConfiguration;
			buildSettings = {
				INFOPLIST_FILE = QingUITests/Info.plist;
				LD_RUNPATH_SEARCH_PATHS = "$(inherited) @executable_path/Frameworks @loader_path/Frameworks";
				PRODUCT_BUNDLE_IDENTIFIER = maka.QingUITests;
				PRODUCT_NAME = "$(TARGET_NAME)";
				TEST_TARGET_NAME = Qing;
				USES_XCTRUNNER = YES;
			};
			name = Release;
		};
/* End XCBuildConfiguration section */

/* Begin XCConfigurationList section */
		2429923B1BF08906003D96F8 /* Build configuration list for PBXProject "Qing" */ = {
			isa = XCConfigurationList;
			buildConfigurations = (
				2429926E1BF08907003D96F8 /* Debug */,
				2429926F1BF08907003D96F8 /* Release */,
			);
			defaultConfigurationIsVisible = 0;
			defaultConfigurationName = Release;
		};
		242992701BF08907003D96F8 /* Build configuration list for PBXNativeTarget "Qing" */ = {
			isa = XCConfigurationList;
			buildConfigurations = (
				242992711BF08907003D96F8 /* Debug */,
				242992721BF08907003D96F8 /* Release */,
			);
			defaultConfigurationIsVisible = 0;
			defaultConfigurationName = Release;
		};
		242992731BF08907003D96F8 /* Build configuration list for PBXNativeTarget "QingTests" */ = {
			isa = XCConfigurationList;
			buildConfigurations = (
				242992741BF08907003D96F8 /* Debug */,
				242992751BF08907003D96F8 /* Release */,
			);
			defaultConfigurationIsVisible = 0;
			defaultConfigurationName = Release;
		};
		242992761BF08907003D96F8 /* Build configuration list for PBXNativeTarget "QingUITests" */ = {
			isa = XCConfigurationList;
			buildConfigurations = (
				242992771BF08907003D96F8 /* Debug */,
				242992781BF08907003D96F8 /* Release */,
			);
			defaultConfigurationIsVisible = 0;
			defaultConfigurationName = Release;
		};
/* End XCConfigurationList section */
	};
	rootObject = 242992381BF08906003D96F8 /* Project object */;
}
