// !$*UTF8*$!
{
	archiveVersion = 1;
	classes = {
	};
	objectVersion = 46;
	objects = {

/* Begin PBXBuildFile section */
		2403DDAD1BFC769A002E7B0E /* TFHpple.m in Sources */ = {isa = PBXBuildFile; fileRef = 2403DDA81BFC769A002E7B0E /* TFHpple.m */; };
		2403DDAE1BFC769A002E7B0E /* TFHppleElement.m in Sources */ = {isa = PBXBuildFile; fileRef = 2403DDAA1BFC769A002E7B0E /* TFHppleElement.m */; };
		2403DDAF1BFC769A002E7B0E /* XPathQuery.m in Sources */ = {isa = PBXBuildFile; fileRef = 2403DDAC1BFC769A002E7B0E /* XPathQuery.m */; };
		2403DDB31BFC7770002E7B0E /* libxml2.tbd in Frameworks */ = {isa = PBXBuildFile; fileRef = 2403DDB21BFC7770002E7B0E /* libxml2.tbd */; };
		247CDA2D1BFC7D7600F9DB2A /* CrawlersViewController.m in Sources */ = {isa = PBXBuildFile; fileRef = 247CDA2C1BFC7D7600F9DB2A /* CrawlersViewController.m */; };
		247CDA311BFC810A00F9DB2A /* ProfileViewController.m in Sources */ = {isa = PBXBuildFile; fileRef = 247CDA301BFC810A00F9DB2A /* ProfileViewController.m */; };
		247CDA381BFC85C400F9DB2A /* CrawlersCollectionCell.m in Sources */ = {isa = PBXBuildFile; fileRef = 247CDA361BFC85C400F9DB2A /* CrawlersCollectionCell.m */; };
		247CDA391BFC85C400F9DB2A /* CrawlersCollectionCell.xib in Resources */ = {isa = PBXBuildFile; fileRef = 247CDA371BFC85C400F9DB2A /* CrawlersCollectionCell.xib */; };
		247CDA3C1BFC86CD00F9DB2A /* RootCollectionViewCell.m in Sources */ = {isa = PBXBuildFile; fileRef = 247CDA3B1BFC86CD00F9DB2A /* RootCollectionViewCell.m */; };
		24AB7D9C1C02B72F006D0881 /* NSOject+MCDownload.m in Sources */ = {isa = PBXBuildFile; fileRef = 24AB7D9B1C02B72F006D0881 /* NSOject+MCDownload.m */; };
		24AB7D9F1C02BF7E006D0881 /* UIImageView+MCDownload.m in Sources */ = {isa = PBXBuildFile; fileRef = 24AB7D9E1C02BF7E006D0881 /* UIImageView+MCDownload.m */; };
		24AB7DA21C02FEAF006D0881 /* MCDownloadThreadManager.m in Sources */ = {isa = PBXBuildFile; fileRef = 24AB7DA11C02FEAF006D0881 /* MCDownloadThreadManager.m */; };
		24AB7DA51C0304B3006D0881 /* MCDownloadCache.m in Sources */ = {isa = PBXBuildFile; fileRef = 24AB7DA41C0304B3006D0881 /* MCDownloadCache.m */; };
		24ED32DC1BFDC02A0098758F /* MCDownloadOperation.m in Sources */ = {isa = PBXBuildFile; fileRef = 24ED32DB1BFDC02A0098758F /* MCDownloadOperation.m */; };
		6031EED81C01F79B00CF1F36 /* MCDownloadUtil.m in Sources */ = {isa = PBXBuildFile; fileRef = 6031EED71C01F79B00CF1F36 /* MCDownloadUtil.m */; };
		605D51B01BF3A53E0071BC75 /* main.m in Sources */ = {isa = PBXBuildFile; fileRef = 605D51AF1BF3A53E0071BC75 /* main.m */; };
		605D51B31BF3A53E0071BC75 /* AppDelegate.m in Sources */ = {isa = PBXBuildFile; fileRef = 605D51B21BF3A53E0071BC75 /* AppDelegate.m */; };
		605D51B61BF3A53E0071BC75 /* ViewController.m in Sources */ = {isa = PBXBuildFile; fileRef = 605D51B51BF3A53E0071BC75 /* ViewController.m */; };
		605D51BC1BF3A53E0071BC75 /* Qing.xcdatamodeld in Sources */ = {isa = PBXBuildFile; fileRef = 605D51BA1BF3A53E0071BC75 /* Qing.xcdatamodeld */; };
		605D51BE1BF3A53E0071BC75 /* Assets.xcassets in Resources */ = {isa = PBXBuildFile; fileRef = 605D51BD1BF3A53E0071BC75 /* Assets.xcassets */; };
		605D51C11BF3A53E0071BC75 /* LaunchScreen.storyboard in Resources */ = {isa = PBXBuildFile; fileRef = 605D51BF1BF3A53E0071BC75 /* LaunchScreen.storyboard */; };
		605D51CC1BF3A53E0071BC75 /* QingTests.m in Sources */ = {isa = PBXBuildFile; fileRef = 605D51CB1BF3A53E0071BC75 /* QingTests.m */; };
		605D51D71BF3A53E0071BC75 /* QingUITests.m in Sources */ = {isa = PBXBuildFile; fileRef = 605D51D61BF3A53E0071BC75 /* QingUITests.m */; };
		605D51E71BF3A5820071BC75 /* Plant.xcassets in Resources */ = {isa = PBXBuildFile; fileRef = 605D51E61BF3A5820071BC75 /* Plant.xcassets */; };
		605D51F11BF3A60D0071BC75 /* RootNavigationController.m in Sources */ = {isa = PBXBuildFile; fileRef = 605D51EA1BF3A60D0071BC75 /* RootNavigationController.m */; };
		605D51F21BF3A60D0071BC75 /* RootTabBarController.m in Sources */ = {isa = PBXBuildFile; fileRef = 605D51EC1BF3A60D0071BC75 /* RootTabBarController.m */; };
		605D51F31BF3A60D0071BC75 /* RootTableViewController.m in Sources */ = {isa = PBXBuildFile; fileRef = 605D51EE1BF3A60D0071BC75 /* RootTableViewController.m */; };
		605D51F41BF3A60D0071BC75 /* RootViewController.m in Sources */ = {isa = PBXBuildFile; fileRef = 605D51F01BF3A60D0071BC75 /* RootViewController.m */; };
		605D51FB1BF3A7750071BC75 /* InfoPlist.strings in Resources */ = {isa = PBXBuildFile; fileRef = 605D51FD1BF3A7750071BC75 /* InfoPlist.strings */; };
		605D51FE1BF3A77D0071BC75 /* Localizable.strings in Resources */ = {isa = PBXBuildFile; fileRef = 605D52001BF3A77D0071BC75 /* Localizable.strings */; };
		605D52081BFCBFE10071BC75 /* PopShowImageView.m in Sources */ = {isa = PBXBuildFile; fileRef = 605D52071BFCBFE10071BC75 /* PopShowImageView.m */; };
		605D520A1BFCC0A20071BC75 /* PopShowImageView.xib in Resources */ = {isa = PBXBuildFile; fileRef = 605D52091BFCC0A20071BC75 /* PopShowImageView.xib */; };
		605D520E1BFCCB960071BC75 /* CustomWebViewController.m in Sources */ = {isa = PBXBuildFile; fileRef = 605D520C1BFCCB960071BC75 /* CustomWebViewController.m */; };
		6BB96244A8C755AA29F1A347 /* libPods.a in Frameworks */ = {isa = PBXBuildFile; fileRef = 193E36F75E576152E59DAE78 /* libPods.a */; };
/* End PBXBuildFile section */

/* Begin PBXContainerItemProxy section */
		605D51C81BF3A53E0071BC75 /* PBXContainerItemProxy */ = {
			isa = PBXContainerItemProxy;
			containerPortal = 605D51A31BF3A53E0071BC75 /* Project object */;
			proxyType = 1;
			remoteGlobalIDString = 605D51AA1BF3A53E0071BC75;
			remoteInfo = Qing;
		};
		605D51D31BF3A53E0071BC75 /* PBXContainerItemProxy */ = {
			isa = PBXContainerItemProxy;
			containerPortal = 605D51A31BF3A53E0071BC75 /* Project object */;
			proxyType = 1;
			remoteGlobalIDString = 605D51AA1BF3A53E0071BC75;
			remoteInfo = Qing;
		};
/* End PBXContainerItemProxy section */

/* Begin PBXFileReference section */
		193E36F75E576152E59DAE78 /* libPods.a */ = {isa = PBXFileReference; explicitFileType = archive.ar; includeInIndex = 0; path = libPods.a; sourceTree = BUILT_PRODUCTS_DIR; };
		2403DDA71BFC769A002E7B0E /* TFHpple.h */ = {isa = PBXFileReference; fileEncoding = 4; lastKnownFileType = sourcecode.c.h; path = TFHpple.h; sourceTree = "<group>"; };
		2403DDA81BFC769A002E7B0E /* TFHpple.m */ = {isa = PBXFileReference; fileEncoding = 4; lastKnownFileType = sourcecode.c.objc; path = TFHpple.m; sourceTree = "<group>"; };
		2403DDA91BFC769A002E7B0E /* TFHppleElement.h */ = {isa = PBXFileReference; fileEncoding = 4; lastKnownFileType = sourcecode.c.h; path = TFHppleElement.h; sourceTree = "<group>"; };
		2403DDAA1BFC769A002E7B0E /* TFHppleElement.m */ = {isa = PBXFileReference; fileEncoding = 4; lastKnownFileType = sourcecode.c.objc; path = TFHppleElement.m; sourceTree = "<group>"; };
		2403DDAB1BFC769A002E7B0E /* XPathQuery.h */ = {isa = PBXFileReference; fileEncoding = 4; lastKnownFileType = sourcecode.c.h; path = XPathQuery.h; sourceTree = "<group>"; };
		2403DDAC1BFC769A002E7B0E /* XPathQuery.m */ = {isa = PBXFileReference; fileEncoding = 4; lastKnownFileType = sourcecode.c.objc; path = XPathQuery.m; sourceTree = "<group>"; };
		2403DDB01BFC76DB002E7B0E /* libxml2.2.tbd */ = {isa = PBXFileReference; lastKnownFileType = "sourcecode.text-based-dylib-definition"; name = libxml2.2.tbd; path = usr/lib/libxml2.2.tbd; sourceTree = SDKROOT; };
		2403DDB21BFC7770002E7B0E /* libxml2.tbd */ = {isa = PBXFileReference; lastKnownFileType = "sourcecode.text-based-dylib-definition"; name = libxml2.tbd; path = usr/lib/libxml2.tbd; sourceTree = SDKROOT; };
		247CDA2B1BFC7D7600F9DB2A /* CrawlersViewController.h */ = {isa = PBXFileReference; fileEncoding = 4; lastKnownFileType = sourcecode.c.h; path = CrawlersViewController.h; sourceTree = "<group>"; };
		247CDA2C1BFC7D7600F9DB2A /* CrawlersViewController.m */ = {isa = PBXFileReference; fileEncoding = 4; lastKnownFileType = sourcecode.c.objc; path = CrawlersViewController.m; sourceTree = "<group>"; };
		247CDA2F1BFC810A00F9DB2A /* ProfileViewController.h */ = {isa = PBXFileReference; fileEncoding = 4; lastKnownFileType = sourcecode.c.h; path = ProfileViewController.h; sourceTree = "<group>"; };
		247CDA301BFC810A00F9DB2A /* ProfileViewController.m */ = {isa = PBXFileReference; fileEncoding = 4; lastKnownFileType = sourcecode.c.objc; path = ProfileViewController.m; sourceTree = "<group>"; };
		247CDA351BFC85C400F9DB2A /* CrawlersCollectionCell.h */ = {isa = PBXFileReference; fileEncoding = 4; lastKnownFileType = sourcecode.c.h; path = CrawlersCollectionCell.h; sourceTree = "<group>"; };
		247CDA361BFC85C400F9DB2A /* CrawlersCollectionCell.m */ = {isa = PBXFileReference; fileEncoding = 4; lastKnownFileType = sourcecode.c.objc; path = CrawlersCollectionCell.m; sourceTree = "<group>"; };
		247CDA371BFC85C400F9DB2A /* CrawlersCollectionCell.xib */ = {isa = PBXFileReference; fileEncoding = 4; lastKnownFileType = file.xib; path = CrawlersCollectionCell.xib; sourceTree = "<group>"; };
		247CDA3A1BFC86CD00F9DB2A /* RootCollectionViewCell.h */ = {isa = PBXFileReference; fileEncoding = 4; lastKnownFileType = sourcecode.c.h; path = RootCollectionViewCell.h; sourceTree = "<group>"; };
		247CDA3B1BFC86CD00F9DB2A /* RootCollectionViewCell.m */ = {isa = PBXFileReference; fileEncoding = 4; lastKnownFileType = sourcecode.c.objc; path = RootCollectionViewCell.m; sourceTree = "<group>"; };
		24AB7D9A1C02B72F006D0881 /* NSOject+MCDownload.h */ = {isa = PBXFileReference; fileEncoding = 4; lastKnownFileType = sourcecode.c.h; path = "NSOject+MCDownload.h"; sourceTree = "<group>"; };
		24AB7D9B1C02B72F006D0881 /* NSOject+MCDownload.m */ = {isa = PBXFileReference; fileEncoding = 4; lastKnownFileType = sourcecode.c.objc; path = "NSOject+MCDownload.m"; sourceTree = "<group>"; };
		24AB7D9D1C02BF7E006D0881 /* UIImageView+MCDownload.h */ = {isa = PBXFileReference; fileEncoding = 4; lastKnownFileType = sourcecode.c.h; path = "UIImageView+MCDownload.h"; sourceTree = "<group>"; };
		24AB7D9E1C02BF7E006D0881 /* UIImageView+MCDownload.m */ = {isa = PBXFileReference; fileEncoding = 4; lastKnownFileType = sourcecode.c.objc; path = "UIImageView+MCDownload.m"; sourceTree = "<group>"; };
		24AB7DA01C02FEAF006D0881 /* MCDownloadThreadManager.h */ = {isa = PBXFileReference; fileEncoding = 4; lastKnownFileType = sourcecode.c.h; path = MCDownloadThreadManager.h; sourceTree = "<group>"; };
		24AB7DA11C02FEAF006D0881 /* MCDownloadThreadManager.m */ = {isa = PBXFileReference; fileEncoding = 4; lastKnownFileType = sourcecode.c.objc; path = MCDownloadThreadManager.m; sourceTree = "<group>"; };
		24AB7DA31C0304B3006D0881 /* MCDownloadCache.h */ = {isa = PBXFileReference; fileEncoding = 4; lastKnownFileType = sourcecode.c.h; path = MCDownloadCache.h; sourceTree = "<group>"; };
		24AB7DA41C0304B3006D0881 /* MCDownloadCache.m */ = {isa = PBXFileReference; fileEncoding = 4; lastKnownFileType = sourcecode.c.objc; path = MCDownloadCache.m; sourceTree = "<group>"; };
		24ED32DA1BFDC02A0098758F /* MCDownloadOperation.h */ = {isa = PBXFileReference; fileEncoding = 4; lastKnownFileType = sourcecode.c.h; path = MCDownloadOperation.h; sourceTree = "<group>"; };
		24ED32DB1BFDC02A0098758F /* MCDownloadOperation.m */ = {isa = PBXFileReference; fileEncoding = 4; lastKnownFileType = sourcecode.c.objc; path = MCDownloadOperation.m; sourceTree = "<group>"; };
		5C44E54B6141E3E7B81AA727 /* Pods.debug.xcconfig */ = {isa = PBXFileReference; includeInIndex = 1; lastKnownFileType = text.xcconfig; name = Pods.debug.xcconfig; path = "Pods/Target Support Files/Pods/Pods.debug.xcconfig"; sourceTree = "<group>"; };
		5E9F85BB6C993515AC12ACF5 /* Pods.release.xcconfig */ = {isa = PBXFileReference; includeInIndex = 1; lastKnownFileType = text.xcconfig; name = Pods.release.xcconfig; path = "Pods/Target Support Files/Pods/Pods.release.xcconfig"; sourceTree = "<group>"; };
		6031EED61C01F79B00CF1F36 /* MCDownloadUtil.h */ = {isa = PBXFileReference; fileEncoding = 4; lastKnownFileType = sourcecode.c.h; path = MCDownloadUtil.h; sourceTree = "<group>"; };
		6031EED71C01F79B00CF1F36 /* MCDownloadUtil.m */ = {isa = PBXFileReference; fileEncoding = 4; lastKnownFileType = sourcecode.c.objc; path = MCDownloadUtil.m; sourceTree = "<group>"; };
		605D51AB1BF3A53E0071BC75 /* Qing.app */ = {isa = PBXFileReference; explicitFileType = wrapper.application; includeInIndex = 0; path = Qing.app; sourceTree = BUILT_PRODUCTS_DIR; };
		605D51AF1BF3A53E0071BC75 /* main.m */ = {isa = PBXFileReference; lastKnownFileType = sourcecode.c.objc; path = main.m; sourceTree = "<group>"; };
		605D51B11BF3A53E0071BC75 /* AppDelegate.h */ = {isa = PBXFileReference; lastKnownFileType = sourcecode.c.h; path = AppDelegate.h; sourceTree = "<group>"; };
		605D51B21BF3A53E0071BC75 /* AppDelegate.m */ = {isa = PBXFileReference; lastKnownFileType = sourcecode.c.objc; path = AppDelegate.m; sourceTree = "<group>"; };
		605D51B41BF3A53E0071BC75 /* ViewController.h */ = {isa = PBXFileReference; lastKnownFileType = sourcecode.c.h; path = ViewController.h; sourceTree = "<group>"; };
		605D51B51BF3A53E0071BC75 /* ViewController.m */ = {isa = PBXFileReference; lastKnownFileType = sourcecode.c.objc; path = ViewController.m; sourceTree = "<group>"; };
		605D51BB1BF3A53E0071BC75 /* Qing.xcdatamodel */ = {isa = PBXFileReference; lastKnownFileType = wrapper.xcdatamodel; path = Qing.xcdatamodel; sourceTree = "<group>"; };
		605D51BD1BF3A53E0071BC75 /* Assets.xcassets */ = {isa = PBXFileReference; lastKnownFileType = folder.assetcatalog; path = Assets.xcassets; sourceTree = "<group>"; };
		605D51C01BF3A53E0071BC75 /* Base */ = {isa = PBXFileReference; lastKnownFileType = file.storyboard; name = Base; path = Base.lproj/LaunchScreen.storyboard; sourceTree = "<group>"; };
		605D51C21BF3A53E0071BC75 /* Info.plist */ = {isa = PBXFileReference; lastKnownFileType = text.plist.xml; path = Info.plist; sourceTree = "<group>"; };
		605D51C71BF3A53E0071BC75 /* QingTests.xctest */ = {isa = PBXFileReference; explicitFileType = wrapper.cfbundle; includeInIndex = 0; path = QingTests.xctest; sourceTree = BUILT_PRODUCTS_DIR; };
		605D51CB1BF3A53E0071BC75 /* QingTests.m */ = {isa = PBXFileReference; lastKnownFileType = sourcecode.c.objc; path = QingTests.m; sourceTree = "<group>"; };
		605D51CD1BF3A53E0071BC75 /* Info.plist */ = {isa = PBXFileReference; lastKnownFileType = text.plist.xml; path = Info.plist; sourceTree = "<group>"; };
		605D51D21BF3A53E0071BC75 /* QingUITests.xctest */ = {isa = PBXFileReference; explicitFileType = wrapper.cfbundle; includeInIndex = 0; path = QingUITests.xctest; sourceTree = BUILT_PRODUCTS_DIR; };
		605D51D61BF3A53E0071BC75 /* QingUITests.m */ = {isa = PBXFileReference; lastKnownFileType = sourcecode.c.objc; path = QingUITests.m; sourceTree = "<group>"; };
		605D51D81BF3A53E0071BC75 /* Info.plist */ = {isa = PBXFileReference; lastKnownFileType = text.plist.xml; path = Info.plist; sourceTree = "<group>"; };
		605D51E61BF3A5820071BC75 /* Plant.xcassets */ = {isa = PBXFileReference; lastKnownFileType = folder.assetcatalog; path = Plant.xcassets; sourceTree = "<group>"; };
		605D51E91BF3A60D0071BC75 /* RootNavigationController.h */ = {isa = PBXFileReference; fileEncoding = 4; lastKnownFileType = sourcecode.c.h; path = RootNavigationController.h; sourceTree = "<group>"; };
		605D51EA1BF3A60D0071BC75 /* RootNavigationController.m */ = {isa = PBXFileReference; fileEncoding = 4; lastKnownFileType = sourcecode.c.objc; path = RootNavigationController.m; sourceTree = "<group>"; };
		605D51EB1BF3A60D0071BC75 /* RootTabBarController.h */ = {isa = PBXFileReference; fileEncoding = 4; lastKnownFileType = sourcecode.c.h; path = RootTabBarController.h; sourceTree = "<group>"; };
		605D51EC1BF3A60D0071BC75 /* RootTabBarController.m */ = {isa = PBXFileReference; fileEncoding = 4; lastKnownFileType = sourcecode.c.objc; path = RootTabBarController.m; sourceTree = "<group>"; };
		605D51ED1BF3A60D0071BC75 /* RootTableViewController.h */ = {isa = PBXFileReference; fileEncoding = 4; lastKnownFileType = sourcecode.c.h; path = RootTableViewController.h; sourceTree = "<group>"; };
		605D51EE1BF3A60D0071BC75 /* RootTableViewController.m */ = {isa = PBXFileReference; fileEncoding = 4; lastKnownFileType = sourcecode.c.objc; path = RootTableViewController.m; sourceTree = "<group>"; };
		605D51EF1BF3A60D0071BC75 /* RootViewController.h */ = {isa = PBXFileReference; fileEncoding = 4; lastKnownFileType = sourcecode.c.h; path = RootViewController.h; sourceTree = "<group>"; };
		605D51F01BF3A60D0071BC75 /* RootViewController.m */ = {isa = PBXFileReference; fileEncoding = 4; lastKnownFileType = sourcecode.c.objc; path = RootViewController.m; sourceTree = "<group>"; };
		605D51FA1BF3A7670071BC75 /* zh-Hans */ = {isa = PBXFileReference; lastKnownFileType = text.plist.strings; name = "zh-Hans"; path = "zh-Hans.lproj/LaunchScreen.strings"; sourceTree = "<group>"; };
		605D51FC1BF3A7750071BC75 /* zh-Hans */ = {isa = PBXFileReference; lastKnownFileType = text.plist.strings; name = "zh-Hans"; path = "zh-Hans.lproj/InfoPlist.strings"; sourceTree = "<group>"; };
		605D51FF1BF3A77D0071BC75 /* zh-Hans */ = {isa = PBXFileReference; lastKnownFileType = text.plist.strings; name = "zh-Hans"; path = "zh-Hans.lproj/Localizable.strings"; sourceTree = "<group>"; };
		605D52011BF3A77E0071BC75 /* en */ = {isa = PBXFileReference; lastKnownFileType = text.plist.strings; name = en; path = en.lproj/Localizable.strings; sourceTree = "<group>"; };
		605D52021BF3A7810071BC75 /* Base */ = {isa = PBXFileReference; lastKnownFileType = text.plist.strings; name = Base; path = Base.lproj/Localizable.strings; sourceTree = "<group>"; };
		605D52031BF3A7850071BC75 /* en */ = {isa = PBXFileReference; lastKnownFileType = text.plist.strings; name = en; path = en.lproj/InfoPlist.strings; sourceTree = "<group>"; };
		605D52041BF3A7850071BC75 /* Base */ = {isa = PBXFileReference; lastKnownFileType = text.plist.strings; name = Base; path = Base.lproj/InfoPlist.strings; sourceTree = "<group>"; };
		605D52061BFCBFE10071BC75 /* PopShowImageView.h */ = {isa = PBXFileReference; fileEncoding = 4; lastKnownFileType = sourcecode.c.h; path = PopShowImageView.h; sourceTree = "<group>"; };
		605D52071BFCBFE10071BC75 /* PopShowImageView.m */ = {isa = PBXFileReference; fileEncoding = 4; lastKnownFileType = sourcecode.c.objc; path = PopShowImageView.m; sourceTree = "<group>"; };
		605D52091BFCC0A20071BC75 /* PopShowImageView.xib */ = {isa = PBXFileReference; fileEncoding = 4; lastKnownFileType = file.xib; path = PopShowImageView.xib; sourceTree = "<group>"; };
		605D520B1BFCCB960071BC75 /* CustomWebViewController.h */ = {isa = PBXFileReference; fileEncoding = 4; lastKnownFileType = sourcecode.c.h; path = CustomWebViewController.h; sourceTree = "<group>"; };
		605D520C1BFCCB960071BC75 /* CustomWebViewController.m */ = {isa = PBXFileReference; fileEncoding = 4; lastKnownFileType = sourcecode.c.objc; path = CustomWebViewController.m; sourceTree = "<group>"; };
/* End PBXFileReference section */

/* Begin PBXFrameworksBuildPhase section */
		605D51A81BF3A53E0071BC75 /* Frameworks */ = {
			isa = PBXFrameworksBuildPhase;
			buildActionMask = 2147483647;
			files = (
				2403DDB31BFC7770002E7B0E /* libxml2.tbd in Frameworks */,
				6BB96244A8C755AA29F1A347 /* libPods.a in Frameworks */,
			);
			runOnlyForDeploymentPostprocessing = 0;
		};
		605D51C41BF3A53E0071BC75 /* Frameworks */ = {
			isa = PBXFrameworksBuildPhase;
			buildActionMask = 2147483647;
			files = (
			);
			runOnlyForDeploymentPostprocessing = 0;
		};
		605D51CF1BF3A53E0071BC75 /* Frameworks */ = {
			isa = PBXFrameworksBuildPhase;
			buildActionMask = 2147483647;
			files = (
			);
			runOnlyForDeploymentPostprocessing = 0;
		};
/* End PBXFrameworksBuildPhase section */

/* Begin PBXGroup section */
		2403DDA31BFC70D0002E7B0E /* Gamble */ = {
			isa = PBXGroup;
			children = (
			);
			path = Gamble;
			sourceTree = "<group>";
		};
		2403DDA41BFC7143002E7B0E /* Modules */ = {
			isa = PBXGroup;
			children = (
			);
			path = Modules;
			sourceTree = "<group>";
		};
		2403DDA51BFC75EA002E7B0E /* Crawlers */ = {
			isa = PBXGroup;
			children = (
				247CDA2B1BFC7D7600F9DB2A /* CrawlersViewController.h */,
				247CDA2C1BFC7D7600F9DB2A /* CrawlersViewController.m */,
				247CDA351BFC85C400F9DB2A /* CrawlersCollectionCell.h */,
				247CDA361BFC85C400F9DB2A /* CrawlersCollectionCell.m */,
				247CDA371BFC85C400F9DB2A /* CrawlersCollectionCell.xib */,
				2403DDA61BFC769A002E7B0E /* TFhpple */,
			);
			path = Crawlers;
			sourceTree = "<group>";
		};
		2403DDA61BFC769A002E7B0E /* TFhpple */ = {
			isa = PBXGroup;
			children = (
				2403DDA71BFC769A002E7B0E /* TFHpple.h */,
				2403DDA81BFC769A002E7B0E /* TFHpple.m */,
				2403DDA91BFC769A002E7B0E /* TFHppleElement.h */,
				2403DDAA1BFC769A002E7B0E /* TFHppleElement.m */,
				2403DDAB1BFC769A002E7B0E /* XPathQuery.h */,
				2403DDAC1BFC769A002E7B0E /* XPathQuery.m */,
			);
			path = TFhpple;
			sourceTree = "<group>";
		};
		247CDA2E1BFC80FE00F9DB2A /* Profile */ = {
			isa = PBXGroup;
			children = (
				247CDA2F1BFC810A00F9DB2A /* ProfileViewController.h */,
				247CDA301BFC810A00F9DB2A /* ProfileViewController.m */,
			);
			path = Profile;
			sourceTree = "<group>";
		};
		24ED32D31BFDAAAF0098758F /* Operation */ = {
			isa = PBXGroup;
			children = (
				24ED32DA1BFDC02A0098758F /* MCDownloadOperation.h */,
				24ED32DB1BFDC02A0098758F /* MCDownloadOperation.m */,
				6031EED61C01F79B00CF1F36 /* MCDownloadUtil.h */,
				6031EED71C01F79B00CF1F36 /* MCDownloadUtil.m */,
				24AB7D9A1C02B72F006D0881 /* NSOject+MCDownload.h */,
				24AB7D9B1C02B72F006D0881 /* NSOject+MCDownload.m */,
				24AB7D9D1C02BF7E006D0881 /* UIImageView+MCDownload.h */,
				24AB7D9E1C02BF7E006D0881 /* UIImageView+MCDownload.m */,
				24AB7DA01C02FEAF006D0881 /* MCDownloadThreadManager.h */,
				24AB7DA11C02FEAF006D0881 /* MCDownloadThreadManager.m */,
				24AB7DA31C0304B3006D0881 /* MCDownloadCache.h */,
				24AB7DA41C0304B3006D0881 /* MCDownloadCache.m */,
			);
			path = Operation;
			sourceTree = "<group>";
		};
		59E793A65ECC442D50403E76 /* Pods */ = {
			isa = PBXGroup;
			children = (
				5C44E54B6141E3E7B81AA727 /* Pods.debug.xcconfig */,
				5E9F85BB6C993515AC12ACF5 /* Pods.release.xcconfig */,
			);
			name = Pods;
			sourceTree = "<group>";
		};
		6031EED51C00295F00CF1F36 /* Utils */ = {
			isa = PBXGroup;
			children = (
			);
			path = Utils;
			sourceTree = "<group>";
		};
		605D51A21BF3A53E0071BC75 = {
			isa = PBXGroup;
			children = (
				605D51AD1BF3A53E0071BC75 /* Qing */,
				605D51CA1BF3A53E0071BC75 /* QingTests */,
				605D51D51BF3A53E0071BC75 /* QingUITests */,
				605D51AC1BF3A53E0071BC75 /* Products */,
				59E793A65ECC442D50403E76 /* Pods */,
				B795E80B2ABA3272B32EF99C /* Frameworks */,
			);
			sourceTree = "<group>";
		};
		605D51AC1BF3A53E0071BC75 /* Products */ = {
			isa = PBXGroup;
			children = (
				605D51AB1BF3A53E0071BC75 /* Qing.app */,
				605D51C71BF3A53E0071BC75 /* QingTests.xctest */,
				605D51D21BF3A53E0071BC75 /* QingUITests.xctest */,
			);
			name = Products;
			sourceTree = "<group>";
		};
		605D51AD1BF3A53E0071BC75 /* Qing */ = {
			isa = PBXGroup;
			children = (
				605D51E61BF3A5820071BC75 /* Plant.xcassets */,
				6031EED51C00295F00CF1F36 /* Utils */,
				24ED32D31BFDAAAF0098758F /* Operation */,
				605D52051BFCBFCB0071BC75 /* CustomView */,
				247CDA2E1BFC80FE00F9DB2A /* Profile */,
				2403DDA51BFC75EA002E7B0E /* Crawlers */,
				2403DDA31BFC70D0002E7B0E /* Gamble */,
				605D51E81BF3A60D0071BC75 /* RootClass */,
				2403DDA41BFC7143002E7B0E /* Modules */,
				605D51B11BF3A53E0071BC75 /* AppDelegate.h */,
				605D51B21BF3A53E0071BC75 /* AppDelegate.m */,
				605D51B41BF3A53E0071BC75 /* ViewController.h */,
				605D51B51BF3A53E0071BC75 /* ViewController.m */,
				605D51BD1BF3A53E0071BC75 /* Assets.xcassets */,
				605D51BF1BF3A53E0071BC75 /* LaunchScreen.storyboard */,
				605D51C21BF3A53E0071BC75 /* Info.plist */,
				605D51BA1BF3A53E0071BC75 /* Qing.xcdatamodeld */,
				605D51AE1BF3A53E0071BC75 /* Supporting Files */,
			);
			path = Qing;
			sourceTree = "<group>";
		};
		605D51AE1BF3A53E0071BC75 /* Supporting Files */ = {
			isa = PBXGroup;
			children = (
				605D51AF1BF3A53E0071BC75 /* main.m */,
				605D51FD1BF3A7750071BC75 /* InfoPlist.strings */,
				605D52001BF3A77D0071BC75 /* Localizable.strings */,
			);
			name = "Supporting Files";
			sourceTree = "<group>";
		};
		605D51CA1BF3A53E0071BC75 /* QingTests */ = {
			isa = PBXGroup;
			children = (
				605D51CB1BF3A53E0071BC75 /* QingTests.m */,
				605D51CD1BF3A53E0071BC75 /* Info.plist */,
			);
			path = QingTests;
			sourceTree = "<group>";
		};
		605D51D51BF3A53E0071BC75 /* QingUITests */ = {
			isa = PBXGroup;
			children = (
				605D51D61BF3A53E0071BC75 /* QingUITests.m */,
				605D51D81BF3A53E0071BC75 /* Info.plist */,
			);
			path = QingUITests;
			sourceTree = "<group>";
		};
		605D51E81BF3A60D0071BC75 /* RootClass */ = {
			isa = PBXGroup;
			children = (
				605D51E91BF3A60D0071BC75 /* RootNavigationController.h */,
				605D51EA1BF3A60D0071BC75 /* RootNavigationController.m */,
				605D51EB1BF3A60D0071BC75 /* RootTabBarController.h */,
				605D51EC1BF3A60D0071BC75 /* RootTabBarController.m */,
				605D51ED1BF3A60D0071BC75 /* RootTableViewController.h */,
				605D51EE1BF3A60D0071BC75 /* RootTableViewController.m */,
				605D51EF1BF3A60D0071BC75 /* RootViewController.h */,
				605D51F01BF3A60D0071BC75 /* RootViewController.m */,
				247CDA3A1BFC86CD00F9DB2A /* RootCollectionViewCell.h */,
				247CDA3B1BFC86CD00F9DB2A /* RootCollectionViewCell.m */,
			);
			path = RootClass;
			sourceTree = "<group>";
		};
		605D52051BFCBFCB0071BC75 /* CustomView */ = {
			isa = PBXGroup;
			children = (
				605D52061BFCBFE10071BC75 /* PopShowImageView.h */,
				605D52071BFCBFE10071BC75 /* PopShowImageView.m */,
				605D52091BFCC0A20071BC75 /* PopShowImageView.xib */,
				605D520B1BFCCB960071BC75 /* CustomWebViewController.h */,
				605D520C1BFCCB960071BC75 /* CustomWebViewController.m */,
			);
			path = CustomView;
			sourceTree = "<group>";
		};
		B795E80B2ABA3272B32EF99C /* Frameworks */ = {
			isa = PBXGroup;
			children = (
				2403DDB21BFC7770002E7B0E /* libxml2.tbd */,
				2403DDB01BFC76DB002E7B0E /* libxml2.2.tbd */,
				193E36F75E576152E59DAE78 /* libPods.a */,
			);
			name = Frameworks;
			sourceTree = "<group>";
		};
/* End PBXGroup section */

/* Begin PBXNativeTarget section */
		605D51AA1BF3A53E0071BC75 /* Qing */ = {
			isa = PBXNativeTarget;
			buildConfigurationList = 605D51DB1BF3A53E0071BC75 /* Build configuration list for PBXNativeTarget "Qing" */;
			buildPhases = (
				C875E09DE2B175D3C6E32794 /* Check Pods Manifest.lock */,
				605D51A71BF3A53E0071BC75 /* Sources */,
				605D51A81BF3A53E0071BC75 /* Frameworks */,
				605D51A91BF3A53E0071BC75 /* Resources */,
				DAF22531F79BCB8FA9C26280 /* Copy Pods Resources */,
			);
			buildRules = (
			);
			dependencies = (
			);
			name = Qing;
			productName = Qing;
			productReference = 605D51AB1BF3A53E0071BC75 /* Qing.app */;
			productType = "com.apple.product-type.application";
		};
		605D51C61BF3A53E0071BC75 /* QingTests */ = {
			isa = PBXNativeTarget;
			buildConfigurationList = 605D51DE1BF3A53E0071BC75 /* Build configuration list for PBXNativeTarget "QingTests" */;
			buildPhases = (
				605D51C31BF3A53E0071BC75 /* Sources */,
				605D51C41BF3A53E0071BC75 /* Frameworks */,
				605D51C51BF3A53E0071BC75 /* Resources */,
			);
			buildRules = (
			);
			dependencies = (
				605D51C91BF3A53E0071BC75 /* PBXTargetDependency */,
			);
			name = QingTests;
			productName = QingTests;
			productReference = 605D51C71BF3A53E0071BC75 /* QingTests.xctest */;
			productType = "com.apple.product-type.bundle.unit-test";
		};
		605D51D11BF3A53E0071BC75 /* QingUITests */ = {
			isa = PBXNativeTarget;
			buildConfigurationList = 605D51E11BF3A53E0071BC75 /* Build configuration list for PBXNativeTarget "QingUITests" */;
			buildPhases = (
				605D51CE1BF3A53E0071BC75 /* Sources */,
				605D51CF1BF3A53E0071BC75 /* Frameworks */,
				605D51D01BF3A53E0071BC75 /* Resources */,
			);
			buildRules = (
			);
			dependencies = (
				605D51D41BF3A53E0071BC75 /* PBXTargetDependency */,
			);
			name = QingUITests;
			productName = QingUITests;
			productReference = 605D51D21BF3A53E0071BC75 /* QingUITests.xctest */;
			productType = "com.apple.product-type.bundle.ui-testing";
		};
/* End PBXNativeTarget section */

/* Begin PBXProject section */
		605D51A31BF3A53E0071BC75 /* Project object */ = {
			isa = PBXProject;
			attributes = {
				LastUpgradeCheck = 0700;
				ORGANIZATIONNAME = maka;
				TargetAttributes = {
					605D51AA1BF3A53E0071BC75 = {
						CreatedOnToolsVersion = 7.0.1;
						DevelopmentTeam = 4995ZXHHYP;
					};
					605D51C61BF3A53E0071BC75 = {
						CreatedOnToolsVersion = 7.0.1;
						TestTargetID = 605D51AA1BF3A53E0071BC75;
					};
					605D51D11BF3A53E0071BC75 = {
						CreatedOnToolsVersion = 7.0.1;
						TestTargetID = 605D51AA1BF3A53E0071BC75;
					};
				};
			};
			buildConfigurationList = 605D51A61BF3A53E0071BC75 /* Build configuration list for PBXProject "Qing" */;
			compatibilityVersion = "Xcode 3.2";
			developmentRegion = English;
			hasScannedForEncodings = 0;
			knownRegions = (
				en,
				Base,
			);
			mainGroup = 605D51A21BF3A53E0071BC75;
			productRefGroup = 605D51AC1BF3A53E0071BC75 /* Products */;
			projectDirPath = "";
			projectRoot = "";
			targets = (
				605D51AA1BF3A53E0071BC75 /* Qing */,
				605D51C61BF3A53E0071BC75 /* QingTests */,
				605D51D11BF3A53E0071BC75 /* QingUITests */,
			);
		};
/* End PBXProject section */

/* Begin PBXResourcesBuildPhase section */
		605D51A91BF3A53E0071BC75 /* Resources */ = {
			isa = PBXResourcesBuildPhase;
			buildActionMask = 2147483647;
			files = (
				605D51C11BF3A53E0071BC75 /* LaunchScreen.storyboard in Resources */,
				605D51FE1BF3A77D0071BC75 /* Localizable.strings in Resources */,
				605D520A1BFCC0A20071BC75 /* PopShowImageView.xib in Resources */,
				605D51E71BF3A5820071BC75 /* Plant.xcassets in Resources */,
				605D51BE1BF3A53E0071BC75 /* Assets.xcassets in Resources */,
				247CDA391BFC85C400F9DB2A /* CrawlersCollectionCell.xib in Resources */,
				605D51FB1BF3A7750071BC75 /* InfoPlist.strings in Resources */,
			);
			runOnlyForDeploymentPostprocessing = 0;
		};
		605D51C51BF3A53E0071BC75 /* Resources */ = {
			isa = PBXResourcesBuildPhase;
			buildActionMask = 2147483647;
			files = (
			);
			runOnlyForDeploymentPostprocessing = 0;
		};
		605D51D01BF3A53E0071BC75 /* Resources */ = {
			isa = PBXResourcesBuildPhase;
			buildActionMask = 2147483647;
			files = (
			);
			runOnlyForDeploymentPostprocessing = 0;
		};
/* End PBXResourcesBuildPhase section */

/* Begin PBXShellScriptBuildPhase section */
		C875E09DE2B175D3C6E32794 /* Check Pods Manifest.lock */ = {
			isa = PBXShellScriptBuildPhase;
			buildActionMask = 2147483647;
			files = (
			);
			inputPaths = (
			);
			name = "Check Pods Manifest.lock";
			outputPaths = (
			);
			runOnlyForDeploymentPostprocessing = 0;
			shellPath = /bin/sh;
			shellScript = "diff \"${PODS_ROOT}/../Podfile.lock\" \"${PODS_ROOT}/Manifest.lock\" > /dev/null\nif [[ $? != 0 ]] ; then\n    cat << EOM\nerror: The sandbox is not in sync with the Podfile.lock. Run 'pod install' or update your CocoaPods installation.\nEOM\n    exit 1\nfi\n";
			showEnvVarsInLog = 0;
		};
		DAF22531F79BCB8FA9C26280 /* Copy Pods Resources */ = {
			isa = PBXShellScriptBuildPhase;
			buildActionMask = 2147483647;
			files = (
			);
			inputPaths = (
			);
			name = "Copy Pods Resources";
			outputPaths = (
			);
			runOnlyForDeploymentPostprocessing = 0;
			shellPath = /bin/sh;
			shellScript = "\"${SRCROOT}/Pods/Target Support Files/Pods/Pods-resources.sh\"\n";
			showEnvVarsInLog = 0;
		};
/* End PBXShellScriptBuildPhase section */

/* Begin PBXSourcesBuildPhase section */
		605D51A71BF3A53E0071BC75 /* Sources */ = {
			isa = PBXSourcesBuildPhase;
			buildActionMask = 2147483647;
			files = (
				24AB7D9C1C02B72F006D0881 /* NSOject+MCDownload.m in Sources */,
				605D51BC1BF3A53E0071BC75 /* Qing.xcdatamodeld in Sources */,
				6031EED81C01F79B00CF1F36 /* MCDownloadUtil.m in Sources */,
				247CDA2D1BFC7D7600F9DB2A /* CrawlersViewController.m in Sources */,
				605D51B61BF3A53E0071BC75 /* ViewController.m in Sources */,
				605D51F41BF3A60D0071BC75 /* RootViewController.m in Sources */,
				605D51B31BF3A53E0071BC75 /* AppDelegate.m in Sources */,
				2403DDAF1BFC769A002E7B0E /* XPathQuery.m in Sources */,
				247CDA381BFC85C400F9DB2A /* CrawlersCollectionCell.m in Sources */,
				24AB7D9F1C02BF7E006D0881 /* UIImageView+MCDownload.m in Sources */,
				2403DDAE1BFC769A002E7B0E /* TFHppleElement.m in Sources */,
				605D520E1BFCCB960071BC75 /* CustomWebViewController.m in Sources */,
				2403DDAD1BFC769A002E7B0E /* TFHpple.m in Sources */,
				605D51F21BF3A60D0071BC75 /* RootTabBarController.m in Sources */,
				247CDA311BFC810A00F9DB2A /* ProfileViewController.m in Sources */,
				605D52081BFCBFE10071BC75 /* PopShowImageView.m in Sources */,
				24ED32DC1BFDC02A0098758F /* MCDownloadOperation.m in Sources */,
				24AB7DA51C0304B3006D0881 /* MCDownloadCache.m in Sources */,
				605D51F11BF3A60D0071BC75 /* RootNavigationController.m in Sources */,
				605D51F31BF3A60D0071BC75 /* RootTableViewController.m in Sources */,
				24AB7DA21C02FEAF006D0881 /* MCDownloadThreadManager.m in Sources */,
				247CDA3C1BFC86CD00F9DB2A /* RootCollectionViewCell.m in Sources */,
				605D51B01BF3A53E0071BC75 /* main.m in Sources */,
			);
			runOnlyForDeploymentPostprocessing = 0;
		};
		605D51C31BF3A53E0071BC75 /* Sources */ = {
			isa = PBXSourcesBuildPhase;
			buildActionMask = 2147483647;
			files = (
				605D51CC1BF3A53E0071BC75 /* QingTests.m in Sources */,
			);
			runOnlyForDeploymentPostprocessing = 0;
		};
		605D51CE1BF3A53E0071BC75 /* Sources */ = {
			isa = PBXSourcesBuildPhase;
			buildActionMask = 2147483647;
			files = (
				605D51D71BF3A53E0071BC75 /* QingUITests.m in Sources */,
			);
			runOnlyForDeploymentPostprocessing = 0;
		};
/* End PBXSourcesBuildPhase section */

/* Begin PBXTargetDependency section */
		605D51C91BF3A53E0071BC75 /* PBXTargetDependency */ = {
			isa = PBXTargetDependency;
			target = 605D51AA1BF3A53E0071BC75 /* Qing */;
			targetProxy = 605D51C81BF3A53E0071BC75 /* PBXContainerItemProxy */;
		};
		605D51D41BF3A53E0071BC75 /* PBXTargetDependency */ = {
			isa = PBXTargetDependency;
			target = 605D51AA1BF3A53E0071BC75 /* Qing */;
			targetProxy = 605D51D31BF3A53E0071BC75 /* PBXContainerItemProxy */;
		};
/* End PBXTargetDependency section */

/* Begin PBXVariantGroup section */
		605D51BF1BF3A53E0071BC75 /* LaunchScreen.storyboard */ = {
			isa = PBXVariantGroup;
			children = (
				605D51C01BF3A53E0071BC75 /* Base */,
				605D51FA1BF3A7670071BC75 /* zh-Hans */,
			);
			name = LaunchScreen.storyboard;
			sourceTree = "<group>";
		};
		605D51FD1BF3A7750071BC75 /* InfoPlist.strings */ = {
			isa = PBXVariantGroup;
			children = (
				605D51FC1BF3A7750071BC75 /* zh-Hans */,
				605D52031BF3A7850071BC75 /* en */,
				605D52041BF3A7850071BC75 /* Base */,
			);
			name = InfoPlist.strings;
			sourceTree = "<group>";
		};
		605D52001BF3A77D0071BC75 /* Localizable.strings */ = {
			isa = PBXVariantGroup;
			children = (
				605D51FF1BF3A77D0071BC75 /* zh-Hans */,
				605D52011BF3A77E0071BC75 /* en */,
				605D52021BF3A7810071BC75 /* Base */,
			);
			name = Localizable.strings;
			sourceTree = "<group>";
		};
/* End PBXVariantGroup section */

/* Begin XCBuildConfiguration section */
		605D51D91BF3A53E0071BC75 /* Debug */ = {
			isa = XCBuildConfiguration;
			buildSettings = {
				ALWAYS_SEARCH_USER_PATHS = NO;
				CLANG_CXX_LANGUAGE_STANDARD = "gnu++0x";
				CLANG_CXX_LIBRARY = "libc++";
				CLANG_ENABLE_MODULES = YES;
				CLANG_ENABLE_OBJC_ARC = YES;
				CLANG_WARN_BOOL_CONVERSION = YES;
				CLANG_WARN_CONSTANT_CONVERSION = YES;
				CLANG_WARN_DIRECT_OBJC_ISA_USAGE = YES_ERROR;
				CLANG_WARN_EMPTY_BODY = YES;
				CLANG_WARN_ENUM_CONVERSION = YES;
				CLANG_WARN_INT_CONVERSION = YES;
				CLANG_WARN_OBJC_ROOT_CLASS = YES_ERROR;
				CLANG_WARN_UNREACHABLE_CODE = YES;
				CLANG_WARN__DUPLICATE_METHOD_MATCH = YES;
				CODE_SIGN_IDENTITY = "";
				"CODE_SIGN_IDENTITY[sdk=iphoneos*]" = "";
				COPY_PHASE_STRIP = NO;
				DEBUG_INFORMATION_FORMAT = dwarf;
				ENABLE_STRICT_OBJC_MSGSEND = YES;
				ENABLE_TESTABILITY = YES;
				GCC_C_LANGUAGE_STANDARD = gnu99;
				GCC_DYNAMIC_NO_PIC = NO;
				GCC_NO_COMMON_BLOCKS = YES;
				GCC_OPTIMIZATION_LEVEL = 0;
				GCC_PREPROCESSOR_DEFINITIONS = (
					"DEBUG=1",
					"$(inherited)",
				);
				GCC_WARN_64_TO_32_BIT_CONVERSION = YES;
				GCC_WARN_ABOUT_RETURN_TYPE = YES_ERROR;
				GCC_WARN_UNDECLARED_SELECTOR = YES;
				GCC_WARN_UNINITIALIZED_AUTOS = YES_AGGRESSIVE;
				GCC_WARN_UNUSED_FUNCTION = YES;
				GCC_WARN_UNUSED_VARIABLE = YES;
				IPHONEOS_DEPLOYMENT_TARGET = 9.0;
				MTL_ENABLE_DEBUG_INFO = YES;
				ONLY_ACTIVE_ARCH = YES;
				PROVISIONING_PROFILE = "56269c8a-6d8e-413d-90e1-ecbfcafeb706";
				SDKROOT = iphoneos;
				TARGETED_DEVICE_FAMILY = "1,2";
			};
			name = Debug;
		};
		605D51DA1BF3A53E0071BC75 /* Release */ = {
			isa = XCBuildConfiguration;
			buildSettings = {
				ALWAYS_SEARCH_USER_PATHS = NO;
				CLANG_CXX_LANGUAGE_STANDARD = "gnu++0x";
				CLANG_CXX_LIBRARY = "libc++";
				CLANG_ENABLE_MODULES = YES;
				CLANG_ENABLE_OBJC_ARC = YES;
				CLANG_WARN_BOOL_CONVERSION = YES;
				CLANG_WARN_CONSTANT_CONVERSION = YES;
				CLANG_WARN_DIRECT_OBJC_ISA_USAGE = YES_ERROR;
				CLANG_WARN_EMPTY_BODY = YES;
				CLANG_WARN_ENUM_CONVERSION = YES;
				CLANG_WARN_INT_CONVERSION = YES;
				CLANG_WARN_OBJC_ROOT_CLASS = YES_ERROR;
				CLANG_WARN_UNREACHABLE_CODE = YES;
				CLANG_WARN__DUPLICATE_METHOD_MATCH = YES;
				CODE_SIGN_IDENTITY = "";
				"CODE_SIGN_IDENTITY[sdk=iphoneos*]" = "";
				COPY_PHASE_STRIP = NO;
				DEBUG_INFORMATION_FORMAT = "dwarf-with-dsym";
				ENABLE_NS_ASSERTIONS = NO;
				ENABLE_STRICT_OBJC_MSGSEND = YES;
				GCC_C_LANGUAGE_STANDARD = gnu99;
				GCC_NO_COMMON_BLOCKS = YES;
				GCC_WARN_64_TO_32_BIT_CONVERSION = YES;
				GCC_WARN_ABOUT_RETURN_TYPE = YES_ERROR;
				GCC_WARN_UNDECLARED_SELECTOR = YES;
				GCC_WARN_UNINITIALIZED_AUTOS = YES_AGGRESSIVE;
				GCC_WARN_UNUSED_FUNCTION = YES;
				GCC_WARN_UNUSED_VARIABLE = YES;
				IPHONEOS_DEPLOYMENT_TARGET = 9.0;
				MTL_ENABLE_DEBUG_INFO = NO;
				PROVISIONING_PROFILE = "56269c8a-6d8e-413d-90e1-ecbfcafeb706";
				SDKROOT = iphoneos;
				TARGETED_DEVICE_FAMILY = "1,2";
				VALIDATE_PRODUCT = YES;
			};
			name = Release;
		};
		605D51DC1BF3A53E0071BC75 /* Debug */ = {
			isa = XCBuildConfiguration;
			baseConfigurationReference = 5C44E54B6141E3E7B81AA727 /* Pods.debug.xcconfig */;
			buildSettings = {
				ASSETCATALOG_COMPILER_APPICON_NAME = AppIcon;
				CODE_SIGN_IDENTITY = "";
				"CODE_SIGN_IDENTITY[sdk=iphoneos*]" = "";
				ENABLE_BITCODE = NO;
				HEADER_SEARCH_PATHS = (
					"$(inherited)",
					"\"${PODS_ROOT}/Headers/Public\"",
					"\"${PODS_ROOT}/Headers/Public/AsyncDisplayKit\"",
					"\"${PODS_ROOT}/Headers/Public/CocoaLumberjack\"",
					"\"${PODS_ROOT}/Headers/Public/Shimmer\"",
					"\"${PODS_ROOT}/Headers/Public/iCarousel\"",
					/usr/include/libxml2,
				);
				INFOPLIST_FILE = Qing/Info.plist;
				IPHONEOS_DEPLOYMENT_TARGET = 7.0;
				LD_RUNPATH_SEARCH_PATHS = "$(inherited) @executable_path/Frameworks";
				PRODUCT_BUNDLE_IDENTIFIER = maka.Qing;
				PRODUCT_NAME = "$(TARGET_NAME)";
				PROVISIONING_PROFILE = "56269c8a-6d8e-413d-90e1-ecbfcafeb706";
			};
			name = Debug;
		};
		605D51DD1BF3A53E0071BC75 /* Release */ = {
			isa = XCBuildConfiguration;
			baseConfigurationReference = 5E9F85BB6C993515AC12ACF5 /* Pods.release.xcconfig */;
			buildSettings = {
				ASSETCATALOG_COMPILER_APPICON_NAME = AppIcon;
				CODE_SIGN_IDENTITY = "";
				"CODE_SIGN_IDENTITY[sdk=iphoneos*]" = "";
				ENABLE_BITCODE = NO;
				HEADER_SEARCH_PATHS = (
					"$(inherited)",
					"\"${PODS_ROOT}/Headers/Public\"",
					"\"${PODS_ROOT}/Headers/Public/AsyncDisplayKit\"",
					"\"${PODS_ROOT}/Headers/Public/CocoaLumberjack\"",
					"\"${PODS_ROOT}/Headers/Public/Shimmer\"",
					"\"${PODS_ROOT}/Headers/Public/iCarousel\"",
					"$(SDKROOT)/usr/include/libxml2",
				);
				"HEADER_SEARCH_PATHS[arch=*]" = (
					"$(inherited)",
					"\"${PODS_ROOT}/Headers/Public\"",
					"\"${PODS_ROOT}/Headers/Public/AsyncDisplayKit\"",
					"\"${PODS_ROOT}/Headers/Public/CocoaLumberjack\"",
					"\"${PODS_ROOT}/Headers/Public/Shimmer\"",
					"\"${PODS_ROOT}/Headers/Public/iCarousel\"",
					"$(SDKROOT)/usr/include/libxml2",
				);
				INFOPLIST_FILE = Qing/Info.plist;
				IPHONEOS_DEPLOYMENT_TARGET = 7.0;
				LD_RUNPATH_SEARCH_PATHS = "$(inherited) @executable_path/Frameworks";
				PRODUCT_BUNDLE_IDENTIFIER = maka.Qing;
				PRODUCT_NAME = "$(TARGET_NAME)";
				PROVISIONING_PROFILE = "56269c8a-6d8e-413d-90e1-ecbfcafeb706";
			};
			name = Release;
		};
		605D51DF1BF3A53E0071BC75 /* Debug */ = {
			isa = XCBuildConfiguration;
			buildSettings = {
				BUNDLE_LOADER = "$(TEST_HOST)";
				INFOPLIST_FILE = QingTests/Info.plist;
				LD_RUNPATH_SEARCH_PATHS = "$(inherited) @executable_path/Frameworks @loader_path/Frameworks";
				PRODUCT_BUNDLE_IDENTIFIER = maka.QingTests;
				PRODUCT_NAME = "$(TARGET_NAME)";
				TEST_HOST = "$(BUILT_PRODUCTS_DIR)/Qing.app/Qing";
			};
			name = Debug;
		};
		605D51E01BF3A53E0071BC75 /* Release */ = {
			isa = XCBuildConfiguration;
			buildSettings = {
				BUNDLE_LOADER = "$(TEST_HOST)";
				INFOPLIST_FILE = QingTests/Info.plist;
				LD_RUNPATH_SEARCH_PATHS = "$(inherited) @executable_path/Frameworks @loader_path/Frameworks";
				PRODUCT_BUNDLE_IDENTIFIER = maka.QingTests;
				PRODUCT_NAME = "$(TARGET_NAME)";
				TEST_HOST = "$(BUILT_PRODUCTS_DIR)/Qing.app/Qing";
			};
			name = Release;
		};
		605D51E21BF3A53E0071BC75 /* Debug */ = {
			isa = XCBuildConfiguration;
			buildSettings = {
				INFOPLIST_FILE = QingUITests/Info.plist;
				LD_RUNPATH_SEARCH_PATHS = "$(inherited) @executable_path/Frameworks @loader_path/Frameworks";
				PRODUCT_BUNDLE_IDENTIFIER = maka.QingUITests;
				PRODUCT_NAME = "$(TARGET_NAME)";
				TEST_TARGET_NAME = Qing;
				USES_XCTRUNNER = YES;
			};
			name = Debug;
		};
		605D51E31BF3A53E0071BC75 /* Release */ = {
			isa = XCBuildConfiguration;
			buildSettings = {
				INFOPLIST_FILE = QingUITests/Info.plist;
				LD_RUNPATH_SEARCH_PATHS = "$(inherited) @executable_path/Frameworks @loader_path/Frameworks";
				PRODUCT_BUNDLE_IDENTIFIER = maka.QingUITests;
				PRODUCT_NAME = "$(TARGET_NAME)";
				TEST_TARGET_NAME = Qing;
				USES_XCTRUNNER = YES;
			};
			name = Release;
		};
/* End XCBuildConfiguration section */

/* Begin XCConfigurationList section */
		605D51A61BF3A53E0071BC75 /* Build configuration list for PBXProject "Qing" */ = {
			isa = XCConfigurationList;
			buildConfigurations = (
				605D51D91BF3A53E0071BC75 /* Debug */,
				605D51DA1BF3A53E0071BC75 /* Release */,
			);
			defaultConfigurationIsVisible = 0;
			defaultConfigurationName = Release;
		};
		605D51DB1BF3A53E0071BC75 /* Build configuration list for PBXNativeTarget "Qing" */ = {
			isa = XCConfigurationList;
			buildConfigurations = (
				605D51DC1BF3A53E0071BC75 /* Debug */,
				605D51DD1BF3A53E0071BC75 /* Release */,
			);
			defaultConfigurationIsVisible = 0;
			defaultConfigurationName = Release;
		};
		605D51DE1BF3A53E0071BC75 /* Build configuration list for PBXNativeTarget "QingTests" */ = {
			isa = XCConfigurationList;
			buildConfigurations = (
				605D51DF1BF3A53E0071BC75 /* Debug */,
				605D51E01BF3A53E0071BC75 /* Release */,
			);
			defaultConfigurationIsVisible = 0;
			defaultConfigurationName = Release;
		};
		605D51E11BF3A53E0071BC75 /* Build configuration list for PBXNativeTarget "QingUITests" */ = {
			isa = XCConfigurationList;
			buildConfigurations = (
				605D51E21BF3A53E0071BC75 /* Debug */,
				605D51E31BF3A53E0071BC75 /* Release */,
			);
			defaultConfigurationIsVisible = 0;
			defaultConfigurationName = Release;
		};
/* End XCConfigurationList section */

/* Begin XCVersionGroup section */
		605D51BA1BF3A53E0071BC75 /* Qing.xcdatamodeld */ = {
			isa = XCVersionGroup;
			children = (
				605D51BB1BF3A53E0071BC75 /* Qing.xcdatamodel */,
			);
			currentVersion = 605D51BB1BF3A53E0071BC75 /* Qing.xcdatamodel */;
			path = Qing.xcdatamodeld;
			sourceTree = "<group>";
			versionGroupType = wrapper.xcdatamodel;
		};
/* End XCVersionGroup section */
	};
	rootObject = 605D51A31BF3A53E0071BC75 /* Project object */;
}
